// !$*UTF8*$!
{
	archiveVersion = 1;
	classes = {
	};
	objectVersion = 46;
	objects = {

/* Begin PBXBuildFile section */
		710A924215CAF604000E5528 /* MapKit.framework in Frameworks */ = {isa = PBXBuildFile; fileRef = 710A924115CAF604000E5528 /* MapKit.framework */; };
		710A924415CAF61B000E5528 /* CoreLocation.framework in Frameworks */ = {isa = PBXBuildFile; fileRef = 710A924315CAF61B000E5528 /* CoreLocation.framework */; };
		710A924615CAF621000E5528 /* AssetsLibrary.framework in Frameworks */ = {isa = PBXBuildFile; fileRef = 710A924515CAF621000E5528 /* AssetsLibrary.framework */; };
		710A924B15CAFCF5000E5528 /* DisplayMap.m in Sources */ = {isa = PBXBuildFile; fileRef = 710A924815CAFCF5000E5528 /* DisplayMap.m */; };
		7113F59D163485000092915A /* checkmark2.png in Resources */ = {isa = PBXBuildFile; fileRef = 7113F59C163485000092915A /* checkmark2.png */; };
		71223F5B16222C3B000A5003 /* commentaryPage.m in Sources */ = {isa = PBXBuildFile; fileRef = 71223F5A16222C3B000A5003 /* commentaryPage.m */; };
		71223F5F16222E08000A5003 /* splitTextBox.m in Sources */ = {isa = PBXBuildFile; fileRef = 71223F5E16222E08000A5003 /* splitTextBox.m */; };
		712D3B37163F1F2C0081FBC0 /* Pixel.m in Sources */ = {isa = PBXBuildFile; fileRef = 712D3B36163F1F2C0081FBC0 /* Pixel.m */; };
		7145CCCD15BF13040062731F /* lineSplit.m in Sources */ = {isa = PBXBuildFile; fileRef = 7145CCCC15BF13040062731F /* lineSplit.m */; };
		7158C95615AE5FC40090A1C3 /* mainView.m in Sources */ = {isa = PBXBuildFile; fileRef = 7158C95515AE5FC40090A1C3 /* mainView.m */; };
		7158C96315AE6F690090A1C3 /* Macfireball.png in Resources */ = {isa = PBXBuildFile; fileRef = 7158C96215AE6F690090A1C3 /* Macfireball.png */; };
		7158C96715AE6FC10090A1C3 /* McMaster-Engineering.jpg in Resources */ = {isa = PBXBuildFile; fileRef = 7158C96615AE6FC10090A1C3 /* McMaster-Engineering.jpg */; };
		7158C96D15AE7AA00090A1C3 /* arrow1.png in Resources */ = {isa = PBXBuildFile; fileRef = 7158C96C15AE7AA00090A1C3 /* arrow1.png */; };
		71592E03165C10A60054F90C /* wticon1.png in Resources */ = {isa = PBXBuildFile; fileRef = 71592E02165C10A60054F90C /* wticon1.png */; };
		7164D591163DDC98007A5C07 /* PestStrip.m in Sources */ = {isa = PBXBuildFile; fileRef = 7164D590163DDC98007A5C07 /* PestStrip.m */; };
		71ADD1D515B70E3300DBB294 /* tableView.m in Sources */ = {isa = PBXBuildFile; fileRef = 71ADD1D415B70E3300DBB294 /* tableView.m */; };
		71B1A9FC15B84B8B0045D907 /* dataView.m in Sources */ = {isa = PBXBuildFile; fileRef = 71B1A9FB15B84B8B0045D907 /* dataView.m */; };
		71B1AA1315B85A800045D907 /* QuartzCore.framework in Frameworks */ = {isa = PBXBuildFile; fileRef = 71B1AA1215B85A800045D907 /* QuartzCore.framework */; };
		71D0F8FC165C43E900B8AAB3 /* Default-568h@2x.png in Resources */ = {isa = PBXBuildFile; fileRef = 71D0F8FB165C43E900B8AAB3 /* Default-568h@2x.png */; };
		71D4071915ACACA800764CF5 /* UIKit.framework in Frameworks */ = {isa = PBXBuildFile; fileRef = 71D4071815ACACA800764CF5 /* UIKit.framework */; };
		71D4071B15ACACA800764CF5 /* Foundation.framework in Frameworks */ = {isa = PBXBuildFile; fileRef = 71D4071A15ACACA800764CF5 /* Foundation.framework */; };
		71D4071D15ACACA800764CF5 /* CoreGraphics.framework in Frameworks */ = {isa = PBXBuildFile; fileRef = 71D4071C15ACACA800764CF5 /* CoreGraphics.framework */; };
		71D4071F15ACACA800764CF5 /* CoreData.framework in Frameworks */ = {isa = PBXBuildFile; fileRef = 71D4071E15ACACA800764CF5 /* CoreData.framework */; };
		71D4072515ACACA800764CF5 /* InfoPlist.strings in Resources */ = {isa = PBXBuildFile; fileRef = 71D4072315ACACA800764CF5 /* InfoPlist.strings */; };
		71D4072715ACACA800764CF5 /* main.m in Sources */ = {isa = PBXBuildFile; fileRef = 71D4072615ACACA800764CF5 /* main.m */; };
		71D4072B15ACACA800764CF5 /* AppDelegate.m in Sources */ = {isa = PBXBuildFile; fileRef = 71D4072A15ACACA800764CF5 /* AppDelegate.m */; };
		71D4072E15ACACA800764CF5 /* Pesticheck.xcdatamodeld in Sources */ = {isa = PBXBuildFile; fileRef = 71D4072C15ACACA800764CF5 /* Pesticheck.xcdatamodeld */; };
		71D4073515ACACBE00764CF5 /* Storyboard.storyboard in Resources */ = {isa = PBXBuildFile; fileRef = 71D4073415ACACBE00764CF5 /* Storyboard.storyboard */; };
		71EE9C7916614E7F00126B00 /* mapView.m in Sources */ = {isa = PBXBuildFile; fileRef = 71EE9C7816614E7F00126B00 /* mapView.m */; };
/* End PBXBuildFile section */

/* Begin PBXFileReference section */
		710A924115CAF604000E5528 /* MapKit.framework */ = {isa = PBXFileReference; lastKnownFileType = wrapper.framework; name = MapKit.framework; path = System/Library/Frameworks/MapKit.framework; sourceTree = SDKROOT; };
		710A924315CAF61B000E5528 /* CoreLocation.framework */ = {isa = PBXFileReference; lastKnownFileType = wrapper.framework; name = CoreLocation.framework; path = System/Library/Frameworks/CoreLocation.framework; sourceTree = SDKROOT; };
		710A924515CAF621000E5528 /* AssetsLibrary.framework */ = {isa = PBXFileReference; lastKnownFileType = wrapper.framework; name = AssetsLibrary.framework; path = System/Library/Frameworks/AssetsLibrary.framework; sourceTree = SDKROOT; };
		710A924715CAFCF5000E5528 /* DisplayMap.h */ = {isa = PBXFileReference; fileEncoding = 4; lastKnownFileType = sourcecode.c.h; name = DisplayMap.h; path = "../../Image Analysis/Image Analysis/DisplayMap.h"; sourceTree = "<group>"; };
		710A924815CAFCF5000E5528 /* DisplayMap.m */ = {isa = PBXFileReference; fileEncoding = 4; lastKnownFileType = sourcecode.c.objc; name = DisplayMap.m; path = "../../Image Analysis/Image Analysis/DisplayMap.m"; sourceTree = "<group>"; };
		7113F59C163485000092915A /* checkmark2.png */ = {isa = PBXFileReference; lastKnownFileType = image.png; path = checkmark2.png; sourceTree = "<group>"; };
		71223F5916222C3B000A5003 /* commentaryPage.h */ = {isa = PBXFileReference; fileEncoding = 4; lastKnownFileType = sourcecode.c.h; path = commentaryPage.h; sourceTree = "<group>"; };
		71223F5A16222C3B000A5003 /* commentaryPage.m */ = {isa = PBXFileReference; fileEncoding = 4; lastKnownFileType = sourcecode.c.objc; path = commentaryPage.m; sourceTree = "<group>"; };
		71223F5D16222E08000A5003 /* splitTextBox.h */ = {isa = PBXFileReference; fileEncoding = 4; lastKnownFileType = sourcecode.c.h; path = splitTextBox.h; sourceTree = "<group>"; };
		71223F5E16222E08000A5003 /* splitTextBox.m */ = {isa = PBXFileReference; fileEncoding = 4; lastKnownFileType = sourcecode.c.objc; path = splitTextBox.m; sourceTree = "<group>"; };
		712D3B35163F1F2C0081FBC0 /* Pixel.h */ = {isa = PBXFileReference; fileEncoding = 4; lastKnownFileType = sourcecode.c.h; path = Pixel.h; sourceTree = "<group>"; };
		712D3B36163F1F2C0081FBC0 /* Pixel.m */ = {isa = PBXFileReference; fileEncoding = 4; lastKnownFileType = sourcecode.c.objc; path = Pixel.m; sourceTree = "<group>"; };
		7145CCCB15BF13040062731F /* lineSplit.h */ = {isa = PBXFileReference; fileEncoding = 4; lastKnownFileType = sourcecode.c.h; path = lineSplit.h; sourceTree = "<group>"; };
		7145CCCC15BF13040062731F /* lineSplit.m */ = {isa = PBXFileReference; fileEncoding = 4; lastKnownFileType = sourcecode.c.objc; path = lineSplit.m; sourceTree = "<group>"; };
		7158C95415AE5FC40090A1C3 /* mainView.h */ = {isa = PBXFileReference; fileEncoding = 4; lastKnownFileType = sourcecode.c.h; path = mainView.h; sourceTree = "<group>"; };
		7158C95515AE5FC40090A1C3 /* mainView.m */ = {isa = PBXFileReference; fileEncoding = 4; lastKnownFileType = sourcecode.c.objc; path = mainView.m; sourceTree = "<group>"; };
		7158C96215AE6F690090A1C3 /* Macfireball.png */ = {isa = PBXFileReference; lastKnownFileType = image.png; path = Macfireball.png; sourceTree = "<group>"; };
		7158C96615AE6FC10090A1C3 /* McMaster-Engineering.jpg */ = {isa = PBXFileReference; lastKnownFileType = image.jpeg; path = "McMaster-Engineering.jpg"; sourceTree = "<group>"; };
		7158C96C15AE7AA00090A1C3 /* arrow1.png */ = {isa = PBXFileReference; lastKnownFileType = image.png; path = arrow1.png; sourceTree = "<group>"; };
		71592E02165C10A60054F90C /* wticon1.png */ = {isa = PBXFileReference; lastKnownFileType = image.png; name = wticon1.png; path = ../wticon1.png; sourceTree = "<group>"; };
		7164D58F163DDC98007A5C07 /* PestStrip.h */ = {isa = PBXFileReference; fileEncoding = 4; lastKnownFileType = sourcecode.c.h; path = PestStrip.h; sourceTree = "<group>"; };
		7164D590163DDC98007A5C07 /* PestStrip.m */ = {isa = PBXFileReference; fileEncoding = 4; lastKnownFileType = sourcecode.c.objc; path = PestStrip.m; sourceTree = "<group>"; };
		71ADD1D315B70E3300DBB294 /* tableView.h */ = {isa = PBXFileReference; fileEncoding = 4; lastKnownFileType = sourcecode.c.h; path = tableView.h; sourceTree = "<group>"; };
		71ADD1D415B70E3300DBB294 /* tableView.m */ = {isa = PBXFileReference; fileEncoding = 4; lastKnownFileType = sourcecode.c.objc; path = tableView.m; sourceTree = "<group>"; };
		71B1A9FA15B84B8B0045D907 /* dataView.h */ = {isa = PBXFileReference; fileEncoding = 4; lastKnownFileType = sourcecode.c.h; path = dataView.h; sourceTree = "<group>"; };
		71B1A9FB15B84B8B0045D907 /* dataView.m */ = {isa = PBXFileReference; fileEncoding = 4; lastKnownFileType = sourcecode.c.objc; path = dataView.m; sourceTree = "<group>"; };
		71B1AA1215B85A800045D907 /* QuartzCore.framework */ = {isa = PBXFileReference; lastKnownFileType = wrapper.framework; name = QuartzCore.framework; path = System/Library/Frameworks/QuartzCore.framework; sourceTree = SDKROOT; };
		71D0F8FB165C43E900B8AAB3 /* Default-568h@2x.png */ = {isa = PBXFileReference; lastKnownFileType = image.png; path = "Default-568h@2x.png"; sourceTree = "<group>"; };
		71D4071415ACACA800764CF5 /* Pesticheck.app */ = {isa = PBXFileReference; explicitFileType = wrapper.application; includeInIndex = 0; path = Pesticheck.app; sourceTree = BUILT_PRODUCTS_DIR; };
		71D4071815ACACA800764CF5 /* UIKit.framework */ = {isa = PBXFileReference; lastKnownFileType = wrapper.framework; name = UIKit.framework; path = System/Library/Frameworks/UIKit.framework; sourceTree = SDKROOT; };
		71D4071A15ACACA800764CF5 /* Foundation.framework */ = {isa = PBXFileReference; lastKnownFileType = wrapper.framework; name = Foundation.framework; path = System/Library/Frameworks/Foundation.framework; sourceTree = SDKROOT; };
		71D4071C15ACACA800764CF5 /* CoreGraphics.framework */ = {isa = PBXFileReference; lastKnownFileType = wrapper.framework; name = CoreGraphics.framework; path = System/Library/Frameworks/CoreGraphics.framework; sourceTree = SDKROOT; };
		71D4071E15ACACA800764CF5 /* CoreData.framework */ = {isa = PBXFileReference; lastKnownFileType = wrapper.framework; name = CoreData.framework; path = System/Library/Frameworks/CoreData.framework; sourceTree = SDKROOT; };
		71D4072215ACACA800764CF5 /* Pesticheck-Info.plist */ = {isa = PBXFileReference; lastKnownFileType = text.plist.xml; path = "Pesticheck-Info.plist"; sourceTree = "<group>"; };
		71D4072415ACACA800764CF5 /* en */ = {isa = PBXFileReference; lastKnownFileType = text.plist.strings; name = en; path = en.lproj/InfoPlist.strings; sourceTree = "<group>"; };
		71D4072615ACACA800764CF5 /* main.m */ = {isa = PBXFileReference; lastKnownFileType = sourcecode.c.objc; path = main.m; sourceTree = "<group>"; };
		71D4072815ACACA800764CF5 /* Pesticheck-Prefix.pch */ = {isa = PBXFileReference; lastKnownFileType = sourcecode.c.h; path = "Pesticheck-Prefix.pch"; sourceTree = "<group>"; };
		71D4072915ACACA800764CF5 /* AppDelegate.h */ = {isa = PBXFileReference; lastKnownFileType = sourcecode.c.h; path = AppDelegate.h; sourceTree = "<group>"; };
		71D4072A15ACACA800764CF5 /* AppDelegate.m */ = {isa = PBXFileReference; lastKnownFileType = sourcecode.c.objc; path = AppDelegate.m; sourceTree = "<group>"; };
		71D4072D15ACACA800764CF5 /* Pesticheck.xcdatamodel */ = {isa = PBXFileReference; lastKnownFileType = wrapper.xcdatamodel; path = Pesticheck.xcdatamodel; sourceTree = "<group>"; };
		71D4073415ACACBE00764CF5 /* Storyboard.storyboard */ = {isa = PBXFileReference; fileEncoding = 4; lastKnownFileType = file.storyboard; path = Storyboard.storyboard; sourceTree = "<group>"; };
		71EE9C7716614E7F00126B00 /* mapView.h */ = {isa = PBXFileReference; fileEncoding = 4; lastKnownFileType = sourcecode.c.h; name = mapView.h; path = ../mapView.h; sourceTree = "<group>"; };
		71EE9C7816614E7F00126B00 /* mapView.m */ = {isa = PBXFileReference; fileEncoding = 4; lastKnownFileType = sourcecode.c.objc; name = mapView.m; path = ../mapView.m; sourceTree = "<group>"; };
/* End PBXFileReference section */

/* Begin PBXFrameworksBuildPhase section */
		71D4071115ACACA800764CF5 /* Frameworks */ = {
			isa = PBXFrameworksBuildPhase;
			buildActionMask = 2147483647;
			files = (
				710A924615CAF621000E5528 /* AssetsLibrary.framework in Frameworks */,
				710A924415CAF61B000E5528 /* CoreLocation.framework in Frameworks */,
				710A924215CAF604000E5528 /* MapKit.framework in Frameworks */,
				71B1AA1315B85A800045D907 /* QuartzCore.framework in Frameworks */,
				71D4071915ACACA800764CF5 /* UIKit.framework in Frameworks */,
				71D4071B15ACACA800764CF5 /* Foundation.framework in Frameworks */,
				71D4071D15ACACA800764CF5 /* CoreGraphics.framework in Frameworks */,
				71D4071F15ACACA800764CF5 /* CoreData.framework in Frameworks */,
			);
			runOnlyForDeploymentPostprocessing = 0;
		};
/* End PBXFrameworksBuildPhase section */

/* Begin PBXGroup section */
		71D4070915ACACA800764CF5 = {
			isa = PBXGroup;
			children = (
				71D0F8FB165C43E900B8AAB3 /* Default-568h@2x.png */,
				71D4072015ACACA800764CF5 /* Pesticheck */,
				71D4071715ACACA800764CF5 /* Frameworks */,
				71D4071515ACACA800764CF5 /* Products */,
			);
			sourceTree = "<group>";
		};
		71D4071515ACACA800764CF5 /* Products */ = {
			isa = PBXGroup;
			children = (
				71D4071415ACACA800764CF5 /* Pesticheck.app */,
			);
			name = Products;
			sourceTree = "<group>";
		};
		71D4071715ACACA800764CF5 /* Frameworks */ = {
			isa = PBXGroup;
			children = (
				710A924115CAF604000E5528 /* MapKit.framework */,
				710A924315CAF61B000E5528 /* CoreLocation.framework */,
				710A924515CAF621000E5528 /* AssetsLibrary.framework */,
				71B1AA1215B85A800045D907 /* QuartzCore.framework */,
				71D4071815ACACA800764CF5 /* UIKit.framework */,
				71D4071A15ACACA800764CF5 /* Foundation.framework */,
				71D4071C15ACACA800764CF5 /* CoreGraphics.framework */,
				71D4071E15ACACA800764CF5 /* CoreData.framework */,
			);
			name = Frameworks;
			sourceTree = "<group>";
		};
		71D4072015ACACA800764CF5 /* Pesticheck */ = {
			isa = PBXGroup;
			children = (
				71D4072915ACACA800764CF5 /* AppDelegate.h */,
				71D4072A15ACACA800764CF5 /* AppDelegate.m */,
				71D4073415ACACBE00764CF5 /* Storyboard.storyboard */,
				71223F5D16222E08000A5003 /* splitTextBox.h */,
				71223F5E16222E08000A5003 /* splitTextBox.m */,
				71223F5916222C3B000A5003 /* commentaryPage.h */,
				71223F5A16222C3B000A5003 /* commentaryPage.m */,
				710A924715CAFCF5000E5528 /* DisplayMap.h */,
				710A924815CAFCF5000E5528 /* DisplayMap.m */,
				71B1A9FA15B84B8B0045D907 /* dataView.h */,
				71B1A9FB15B84B8B0045D907 /* dataView.m */,
				71ADD1D315B70E3300DBB294 /* tableView.h */,
				71ADD1D415B70E3300DBB294 /* tableView.m */,
				7158C95415AE5FC40090A1C3 /* mainView.h */,
				7158C95515AE5FC40090A1C3 /* mainView.m */,
				712D3B35163F1F2C0081FBC0 /* Pixel.h */,
				712D3B36163F1F2C0081FBC0 /* Pixel.m */,
				71EE9C7716614E7F00126B00 /* mapView.h */,
				71EE9C7816614E7F00126B00 /* mapView.m */,
				7145CCCB15BF13040062731F /* lineSplit.h */,
				7145CCCC15BF13040062731F /* lineSplit.m */,
				71D4072C15ACACA800764CF5 /* Pesticheck.xcdatamodeld */,
				7164D58F163DDC98007A5C07 /* PestStrip.h */,
				7164D590163DDC98007A5C07 /* PestStrip.m */,
				71D4072115ACACA800764CF5 /* Supporting Files */,
			);
			path = Pesticheck;
			sourceTree = "<group>";
		};
		71D4072115ACACA800764CF5 /* Supporting Files */ = {
			isa = PBXGroup;
			children = (
				7113F59C163485000092915A /* checkmark2.png */,
				71592E02165C10A60054F90C /* wticon1.png */,
				7158C96C15AE7AA00090A1C3 /* arrow1.png */,
				7158C96215AE6F690090A1C3 /* Macfireball.png */,
				7158C96615AE6FC10090A1C3 /* McMaster-Engineering.jpg */,
				71D4072215ACACA800764CF5 /* Pesticheck-Info.plist */,
				71D4072315ACACA800764CF5 /* InfoPlist.strings */,
				71D4072615ACACA800764CF5 /* main.m */,
				71D4072815ACACA800764CF5 /* Pesticheck-Prefix.pch */,
			);
			name = "Supporting Files";
			sourceTree = "<group>";
		};
/* End PBXGroup section */

/* Begin PBXNativeTarget section */
		71D4071315ACACA800764CF5 /* Pesticheck */ = {
			isa = PBXNativeTarget;
			buildConfigurationList = 71D4073115ACACA800764CF5 /* Build configuration list for PBXNativeTarget "Pesticheck" */;
			buildPhases = (
				71D4071015ACACA800764CF5 /* Sources */,
				71D4071115ACACA800764CF5 /* Frameworks */,
				71D4071215ACACA800764CF5 /* Resources */,
			);
			buildRules = (
			);
			dependencies = (
			);
			name = Pesticheck;
			productName = Pesticheck;
			productReference = 71D4071415ACACA800764CF5 /* Pesticheck.app */;
			productType = "com.apple.product-type.application";
		};
/* End PBXNativeTarget section */

/* Begin PBXProject section */
		71D4070B15ACACA800764CF5 /* Project object */ = {
			isa = PBXProject;
			attributes = {
				LastUpgradeCheck = 0430;
			};
			buildConfigurationList = 71D4070E15ACACA800764CF5 /* Build configuration list for PBXProject "Pesticheck" */;
			compatibilityVersion = "Xcode 3.2";
			developmentRegion = English;
			hasScannedForEncodings = 0;
			knownRegions = (
				en,
			);
			mainGroup = 71D4070915ACACA800764CF5;
			productRefGroup = 71D4071515ACACA800764CF5 /* Products */;
			projectDirPath = "";
			projectRoot = "";
			targets = (
				71D4071315ACACA800764CF5 /* Pesticheck */,
			);
		};
/* End PBXProject section */

/* Begin PBXResourcesBuildPhase section */
		71D4071215ACACA800764CF5 /* Resources */ = {
			isa = PBXResourcesBuildPhase;
			buildActionMask = 2147483647;
			files = (
				71D4072515ACACA800764CF5 /* InfoPlist.strings in Resources */,
				71D4073515ACACBE00764CF5 /* Storyboard.storyboard in Resources */,
				7158C96315AE6F690090A1C3 /* Macfireball.png in Resources */,
				7158C96715AE6FC10090A1C3 /* McMaster-Engineering.jpg in Resources */,
				7158C96D15AE7AA00090A1C3 /* arrow1.png in Resources */,
				7113F59D163485000092915A /* checkmark2.png in Resources */,
				71592E03165C10A60054F90C /* wticon1.png in Resources */,
				71D0F8FC165C43E900B8AAB3 /* Default-568h@2x.png in Resources */,
			);
			runOnlyForDeploymentPostprocessing = 0;
		};
/* End PBXResourcesBuildPhase section */

/* Begin PBXSourcesBuildPhase section */
		71D4071015ACACA800764CF5 /* Sources */ = {
			isa = PBXSourcesBuildPhase;
			buildActionMask = 2147483647;
			files = (
				71D4072715ACACA800764CF5 /* main.m in Sources */,
				71D4072B15ACACA800764CF5 /* AppDelegate.m in Sources */,
				71D4072E15ACACA800764CF5 /* Pesticheck.xcdatamodeld in Sources */,
				7158C95615AE5FC40090A1C3 /* mainView.m in Sources */,
				71ADD1D515B70E3300DBB294 /* tableView.m in Sources */,
				71B1A9FC15B84B8B0045D907 /* dataView.m in Sources */,
				7145CCCD15BF13040062731F /* lineSplit.m in Sources */,
				710A924B15CAFCF5000E5528 /* DisplayMap.m in Sources */,
				71223F5B16222C3B000A5003 /* commentaryPage.m in Sources */,
				71223F5F16222E08000A5003 /* splitTextBox.m in Sources */,
				7164D591163DDC98007A5C07 /* PestStrip.m in Sources */,
				712D3B37163F1F2C0081FBC0 /* Pixel.m in Sources */,
				71EE9C7916614E7F00126B00 /* mapView.m in Sources */,
			);
			runOnlyForDeploymentPostprocessing = 0;
		};
/* End PBXSourcesBuildPhase section */

/* Begin PBXVariantGroup section */
		71D4072315ACACA800764CF5 /* InfoPlist.strings */ = {
			isa = PBXVariantGroup;
			children = (
				71D4072415ACACA800764CF5 /* en */,
			);
			name = InfoPlist.strings;
			sourceTree = "<group>";
		};
/* End PBXVariantGroup section */

/* Begin XCBuildConfiguration section */
		71D4072F15ACACA800764CF5 /* Debug */ = {
			isa = XCBuildConfiguration;
			buildSettings = {
				ALWAYS_SEARCH_USER_PATHS = NO;
				ARCHS = "$(ARCHS_STANDARD_32_BIT)";
				CLANG_ENABLE_OBJC_ARC = YES;
				"CODE_SIGN_IDENTITY[sdk=iphoneos*]" = "iPhone Developer";
				COPY_PHASE_STRIP = NO;
				GCC_C_LANGUAGE_STANDARD = gnu99;
				GCC_DYNAMIC_NO_PIC = NO;
				GCC_OPTIMIZATION_LEVEL = 0;
				GCC_PREPROCESSOR_DEFINITIONS = (
					"DEBUG=1",
					"$(inherited)",
				);
				GCC_SYMBOLS_PRIVATE_EXTERN = NO;
				GCC_VERSION = com.apple.compilers.llvm.clang.1_0;
				GCC_WARN_ABOUT_RETURN_TYPE = YES;
				GCC_WARN_UNINITIALIZED_AUTOS = YES;
				GCC_WARN_UNUSED_VARIABLE = YES;
				IPHONEOS_DEPLOYMENT_TARGET = 5.1;
				SDKROOT = iphoneos;
			};
			name = Debug;
		};
		71D4073015ACACA800764CF5 /* Release */ = {
			isa = XCBuildConfiguration;
			buildSettings = {
				ALWAYS_SEARCH_USER_PATHS = NO;
				ARCHS = "$(ARCHS_STANDARD_32_BIT)";
				CLANG_ENABLE_OBJC_ARC = YES;
				"CODE_SIGN_IDENTITY[sdk=iphoneos*]" = "iPhone Developer";
				COPY_PHASE_STRIP = YES;
				GCC_C_LANGUAGE_STANDARD = gnu99;
				GCC_VERSION = com.apple.compilers.llvm.clang.1_0;
				GCC_WARN_ABOUT_RETURN_TYPE = YES;
				GCC_WARN_UNINITIALIZED_AUTOS = YES;
				GCC_WARN_UNUSED_VARIABLE = YES;
				IPHONEOS_DEPLOYMENT_TARGET = 5.1;
				OTHER_CFLAGS = "-DNS_BLOCK_ASSERTIONS=1";
				SDKROOT = iphoneos;
				VALIDATE_PRODUCT = YES;
			};
			name = Release;
		};
		71D4073215ACACA800764CF5 /* Debug */ = {
			isa = XCBuildConfiguration;
			buildSettings = {
				GCC_PRECOMPILE_PREFIX_HEADER = YES;
				GCC_PREFIX_HEADER = "Pesticheck/Pesticheck-Prefix.pch";
				INFOPLIST_FILE = "Pesticheck/Pesticheck-Info.plist";
				PRODUCT_NAME = "$(TARGET_NAME)";
				WRAPPER_EXTENSION = app;
			};
			name = Debug;
		};
		71D4073315ACACA800764CF5 /* Release */ = {
			isa = XCBuildConfiguration;
			buildSettings = {
				GCC_PRECOMPILE_PREFIX_HEADER = YES;
				GCC_PREFIX_HEADER = "Pesticheck/Pesticheck-Prefix.pch";
				INFOPLIST_FILE = "Pesticheck/Pesticheck-Info.plist";
				PRODUCT_NAME = "$(TARGET_NAME)";
				WRAPPER_EXTENSION = app;
			};
			name = Release;
		};
/* End XCBuildConfiguration section */

/* Begin XCConfigurationList section */
		71D4070E15ACACA800764CF5 /* Build configuration list for PBXProject "Pesticheck" */ = {
			isa = XCConfigurationList;
			buildConfigurations = (
				71D4072F15ACACA800764CF5 /* Debug */,
				71D4073015ACACA800764CF5 /* Release */,
			);
			defaultConfigurationIsVisible = 0;
			defaultConfigurationName = Release;
		};
		71D4073115ACACA800764CF5 /* Build configuration list for PBXNativeTarget "Pesticheck" */ = {
			isa = XCConfigurationList;
			buildConfigurations = (
				71D4073215ACACA800764CF5 /* Debug */,
				71D4073315ACACA800764CF5 /* Release */,
			);
			defaultConfigurationIsVisible = 0;
			defaultConfigurationName = Release;
		};
/* End XCConfigurationList section */

/* Begin XCVersionGroup section */
		71D4072C15ACACA800764CF5 /* Pesticheck.xcdatamodeld */ = {
			isa = XCVersionGroup;
			children = (
				71D4072D15ACACA800764CF5 /* Pesticheck.xcdatamodel */,
			);
			currentVersion = 71D4072D15ACACA800764CF5 /* Pesticheck.xcdatamodel */;
			path = Pesticheck.xcdatamodeld;
			sourceTree = "<group>";
			versionGroupType = wrapper.xcdatamodel;
		};
/* End XCVersionGroup section */
	};
	rootObject = 71D4070B15ACACA800764CF5 /* Project object */;
}
