// !$*UTF8*$!
{
	archiveVersion = 1;
	classes = {
	};
	objectVersion = 46;
	objects = {

/* Begin PBXBuildFile section */
		71D4071915ACACA800764CF5 /* UIKit.framework in Frameworks */ = {isa = PBXBuildFile; fileRef = 71D4071815ACACA800764CF5 /* UIKit.framework */; };
		71D4071B15ACACA800764CF5 /* Foundation.framework in Frameworks */ = {isa = PBXBuildFile; fileRef = 71D4071A15ACACA800764CF5 /* Foundation.framework */; };
		71D4071D15ACACA800764CF5 /* CoreGraphics.framework in Frameworks */ = {isa = PBXBuildFile; fileRef = 71D4071C15ACACA800764CF5 /* CoreGraphics.framework */; };
		71D4071F15ACACA800764CF5 /* CoreData.framework in Frameworks */ = {isa = PBXBuildFile; fileRef = 71D4071E15ACACA800764CF5 /* CoreData.framework */; };
		71D4072515ACACA800764CF5 /* InfoPlist.strings in Resources */ = {isa = PBXBuildFile; fileRef = 71D4072315ACACA800764CF5 /* InfoPlist.strings */; };
		71D4072715ACACA800764CF5 /* main.m in Sources */ = {isa = PBXBuildFile; fileRef = 71D4072615ACACA800764CF5 /* main.m */; };
		71D4072B15ACACA800764CF5 /* AppDelegate.m in Sources */ = {isa = PBXBuildFile; fileRef = 71D4072A15ACACA800764CF5 /* AppDelegate.m */; };
		71D4072E15ACACA800764CF5 /* Pesticheck.xcdatamodeld in Sources */ = {isa = PBXBuildFile; fileRef = 71D4072C15ACACA800764CF5 /* Pesticheck.xcdatamodeld */; };
/* End PBXBuildFile section */

/* Begin PBXFileReference section */
		71D4071415ACACA800764CF5 /* Pesticheck.app */ = {isa = PBXFileReference; explicitFileType = wrapper.application; includeInIndex = 0; path = Pesticheck.app; sourceTree = BUILT_PRODUCTS_DIR; };
		71D4071815ACACA800764CF5 /* UIKit.framework */ = {isa = PBXFileReference; lastKnownFileType = wrapper.framework; name = UIKit.framework; path = System/Library/Frameworks/UIKit.framework; sourceTree = SDKROOT; };
		71D4071A15ACACA800764CF5 /* Foundation.framework */ = {isa = PBXFileReference; lastKnownFileType = wrapper.framework; name = Foundation.framework; path = System/Library/Frameworks/Foundation.framework; sourceTree = SDKROOT; };
		71D4071C15ACACA800764CF5 /* CoreGraphics.framework */ = {isa = PBXFileReference; lastKnownFileType = wrapper.framework; name = CoreGraphics.framework; path = System/Library/Frameworks/CoreGraphics.framework; sourceTree = SDKROOT; };
		71D4071E15ACACA800764CF5 /* CoreData.framework */ = {isa = PBXFileReference; lastKnownFileType = wrapper.framework; name = CoreData.framework; path = System/Library/Frameworks/CoreData.framework; sourceTree = SDKROOT; };
		71D4072215ACACA800764CF5 /* Pesticheck-Info.plist */ = {isa = PBXFileReference; path = "Pesticheck-Info.plist"; sourceTree = "<group>"; };
		71D4072415ACACA800764CF5 /* en */ = {isa = PBXFileReference; lastKnownFileType = text.plist.strings; name = en; path = en.lproj/InfoPlist.strings; sourceTree = "<group>"; };
		71D4072615ACACA800764CF5 /* main.m */ = {isa = PBXFileReference; lastKnownFileType = sourcecode.c.objc; path = main.m; sourceTree = "<group>"; };
		71D4072815ACACA800764CF5 /* Pesticheck-Prefix.pch */ = {isa = PBXFileReference; path = "Pesticheck-Prefix.pch"; sourceTree = "<group>"; };
		71D4072915ACACA800764CF5 /* AppDelegate.h */ = {isa = PBXFileReference; path = AppDelegate.h; sourceTree = "<group>"; };
		71D4072A15ACACA800764CF5 /* AppDelegate.m */ = {isa = PBXFileReference; lastKnownFileType = sourcecode.c.objc; path = AppDelegate.m; sourceTree = "<group>"; };
		71D4072D15ACACA800764CF5 /* Pesticheck.xcdatamodel */ = {isa = PBXFileReference; lastKnownFileType = wrapper.xcdatamodel; path = Pesticheck.xcdatamodel; sourceTree = "<group>"; };
/* End PBXFileReference section */

/* Begin PBXFrameworksBuildPhase section */
		71D4071115ACACA800764CF5 /* Frameworks */ = {
			isa = PBXFrameworksBuildPhase;
			buildActionMask = 2147483647;
			files = (
				71D4071915ACACA800764CF5 /* UIKit.framework in Frameworks */,
				71D4071B15ACACA800764CF5 /* Foundation.framework in Frameworks */,
				71D4071D15ACACA800764CF5 /* CoreGraphics.framework in Frameworks */,
				71D4071F15ACACA800764CF5 /* CoreData.framework in Frameworks */,
			);
			runOnlyForDeploymentPostprocessing = 0;
		};
/* End PBXFrameworksBuildPhase section */

/* Begin PBXGroup section */
		71D4070915ACACA800764CF5 = {
			isa = PBXGroup;
			children = (
				71D4072015ACACA800764CF5 /* Pesticheck */,
				71D4071715ACACA800764CF5 /* Frameworks */,
				71D4071515ACACA800764CF5 /* Products */,
			);
			sourceTree = "<group>";
		};
		71D4071515ACACA800764CF5 /* Products */ = {
			isa = PBXGroup;
			children = (
				71D4071415ACACA800764CF5 /* Pesticheck.app */,
			);
			name = Products;
			sourceTree = "<group>";
		};
		71D4071715ACACA800764CF5 /* Frameworks */ = {
			isa = PBXGroup;
			children = (
				71D4071815ACACA800764CF5 /* UIKit.framework */,
				71D4071A15ACACA800764CF5 /* Foundation.framework */,
				71D4071C15ACACA800764CF5 /* CoreGraphics.framework */,
				71D4071E15ACACA800764CF5 /* CoreData.framework */,
			);
			name = Frameworks;
			sourceTree = "<group>";
		};
		71D4072015ACACA800764CF5 /* Pesticheck */ = {
			isa = PBXGroup;
			children = (
				71D4072915ACACA800764CF5 /* AppDelegate.h */,
				71D4072A15ACACA800764CF5 /* AppDelegate.m */,
				71D4072C15ACACA800764CF5 /* Pesticheck.xcdatamodeld */,
				71D4072115ACACA800764CF5 /* Supporting Files */,
			);
			path = Pesticheck;
			sourceTree = "<group>";
		};
		71D4072115ACACA800764CF5 /* Supporting Files */ = {
			isa = PBXGroup;
			children = (
				71D4072215ACACA800764CF5 /* Pesticheck-Info.plist */,
				71D4072315ACACA800764CF5 /* InfoPlist.strings */,
				71D4072615ACACA800764CF5 /* main.m */,
				71D4072815ACACA800764CF5 /* Pesticheck-Prefix.pch */,
			);
			name = "Supporting Files";
			sourceTree = "<group>";
		};
/* End PBXGroup section */

/* Begin PBXNativeTarget section */
		71D4071315ACACA800764CF5 /* Pesticheck */ = {
			isa = PBXNativeTarget;
			buildConfigurationList = 71D4073115ACACA800764CF5 /* Build configuration list for PBXNativeTarget "Pesticheck" */;
			buildPhases = (
				71D4071015ACACA800764CF5 /* Sources */,
				71D4071115ACACA800764CF5 /* Frameworks */,
				71D4071215ACACA800764CF5 /* Resources */,
			);
			buildRules = (
			);
			dependencies = (
			);
			name = Pesticheck;
			productName = Pesticheck;
			productReference = 71D4071415ACACA800764CF5 /* Pesticheck.app */;
			productType = "com.apple.product-type.application";
		};
/* End PBXNativeTarget section */

/* Begin PBXProject section */
		71D4070B15ACACA800764CF5 /* Project object */ = {
			isa = PBXProject;
			attributes = {
				LastUpgradeCheck = 0430;
			};
			buildConfigurationList = 71D4070E15ACACA800764CF5 /* Build configuration list for PBXProject "Pesticheck" */;
			compatibilityVersion = "Xcode 3.2";
			developmentRegion = English;
			hasScannedForEncodings = 0;
			knownRegions = (
				en,
			);
			mainGroup = 71D4070915ACACA800764CF5;
			productRefGroup = 71D4071515ACACA800764CF5 /* Products */;
			projectDirPath = "";
			projectRoot = "";
			targets = (
				71D4071315ACACA800764CF5 /* Pesticheck */,
			);
		};
/* End PBXProject section */

/* Begin PBXResourcesBuildPhase section */
		71D4071215ACACA800764CF5 /* Resources */ = {
			isa = PBXResourcesBuildPhase;
			buildActionMask = 2147483647;
			files = (
				71D4072515ACACA800764CF5 /* InfoPlist.strings in Resources */,
			);
			runOnlyForDeploymentPostprocessing = 0;
		};
/* End PBXResourcesBuildPhase section */

/* Begin PBXSourcesBuildPhase section */
		71D4071015ACACA800764CF5 /* Sources */ = {
			isa = PBXSourcesBuildPhase;
			buildActionMask = 2147483647;
			files = (
				71D4072715ACACA800764CF5 /* main.m in Sources */,
				71D4072B15ACACA800764CF5 /* AppDelegate.m in Sources */,
				71D4072E15ACACA800764CF5 /* Pesticheck.xcdatamodeld in Sources */,
			);
			runOnlyForDeploymentPostprocessing = 0;
		};
/* End PBXSourcesBuildPhase section */

/* Begin PBXVariantGroup section */
		71D4072315ACACA800764CF5 /* InfoPlist.strings */ = {
			isa = PBXVariantGroup;
			children = (
				71D4072415ACACA800764CF5 /* en */,
			);
			name = InfoPlist.strings;
			sourceTree = "<group>";
		};
/* End PBXVariantGroup section */

/* Begin XCBuildConfiguration section */
		71D4072F15ACACA800764CF5 /* Debug */ = {
			isa = XCBuildConfiguration;
			buildSettings = {
				ALWAYS_SEARCH_USER_PATHS = NO;
				ARCHS = "$(ARCHS_STANDARD_32_BIT)";
				CLANG_ENABLE_OBJC_ARC = YES;
				"CODE_SIGN_IDENTITY[sdk=iphoneos*]" = "iPhone Developer";
				COPY_PHASE_STRIP = NO;
				GCC_C_LANGUAGE_STANDARD = gnu99;
				GCC_DYNAMIC_NO_PIC = NO;
				GCC_OPTIMIZATION_LEVEL = 0;
				GCC_PREPROCESSOR_DEFINITIONS = (
					"DEBUG=1",
					"$(inherited)",
				);
				GCC_SYMBOLS_PRIVATE_EXTERN = NO;
				GCC_VERSION = com.apple.compilers.llvm.clang.1_0;
				GCC_WARN_ABOUT_RETURN_TYPE = YES;
				GCC_WARN_UNINITIALIZED_AUTOS = YES;
				GCC_WARN_UNUSED_VARIABLE = YES;
				IPHONEOS_DEPLOYMENT_TARGET = 5.1;
				SDKROOT = iphoneos;
			};
			name = Debug;
		};
		71D4073015ACACA800764CF5 /* Release */ = {
			isa = XCBuildConfiguration;
			buildSettings = {
				ALWAYS_SEARCH_USER_PATHS = NO;
				ARCHS = "$(ARCHS_STANDARD_32_BIT)";
				CLANG_ENABLE_OBJC_ARC = YES;
				"CODE_SIGN_IDENTITY[sdk=iphoneos*]" = "iPhone Developer";
				COPY_PHASE_STRIP = YES;
				GCC_C_LANGUAGE_STANDARD = gnu99;
				GCC_VERSION = com.apple.compilers.llvm.clang.1_0;
				GCC_WARN_ABOUT_RETURN_TYPE = YES;
				GCC_WARN_UNINITIALIZED_AUTOS = YES;
				GCC_WARN_UNUSED_VARIABLE = YES;
				IPHONEOS_DEPLOYMENT_TARGET = 5.1;
				OTHER_CFLAGS = "-DNS_BLOCK_ASSERTIONS=1";
				SDKROOT = iphoneos;
				VALIDATE_PRODUCT = YES;
			};
			name = Release;
		};
		71D4073215ACACA800764CF5 /* Debug */ = {
			isa = XCBuildConfiguration;
			buildSettings = {
				GCC_PRECOMPILE_PREFIX_HEADER = YES;
				GCC_PREFIX_HEADER = "Pesticheck/Pesticheck-Prefix.pch";
				INFOPLIST_FILE = "Pesticheck/Pesticheck-Info.plist";
				PRODUCT_NAME = "$(TARGET_NAME)";
				WRAPPER_EXTENSION = app;
			};
			name = Debug;
		};
		71D4073315ACACA800764CF5 /* Release */ = {
			isa = XCBuildConfiguration;
			buildSettings = {
				GCC_PRECOMPILE_PREFIX_HEADER = YES;
				GCC_PREFIX_HEADER = "Pesticheck/Pesticheck-Prefix.pch";
				INFOPLIST_FILE = "Pesticheck/Pesticheck-Info.plist";
				PRODUCT_NAME = "$(TARGET_NAME)";
				WRAPPER_EXTENSION = app;
			};
			name = Release;
		};
/* End XCBuildConfiguration section */

/* Begin XCConfigurationList section */
		71D4070E15ACACA800764CF5 /* Build configuration list for PBXProject "Pesticheck" */ = {
			isa = XCConfigurationList;
			buildConfigurations = (
				71D4072F15ACACA800764CF5 /* Debug */,
				71D4073015ACACA800764CF5 /* Release */,
			);
			defaultConfigurationIsVisible = 0;
			defaultConfigurationName = Release;
		};
		71D4073115ACACA800764CF5 /* Build configuration list for PBXNativeTarget "Pesticheck" */ = {
			isa = XCConfigurationList;
			buildConfigurations = (
				71D4073215ACACA800764CF5 /* Debug */,
				71D4073315ACACA800764CF5 /* Release */,
			);
			defaultConfigurationIsVisible = 0;
		};
/* End XCConfigurationList section */

/* Begin XCVersionGroup section */
		71D4072C15ACACA800764CF5 /* Pesticheck.xcdatamodeld */ = {
			isa = XCVersionGroup;
			children = (
				71D4072D15ACACA800764CF5 /* Pesticheck.xcdatamodel */,
			);
			currentVersion = 71D4072D15ACACA800764CF5 /* Pesticheck.xcdatamodel */;
			path = Pesticheck.xcdatamodeld;
			sourceTree = "<group>";
			versionGroupType = wrapper.xcdatamodel;
		};
/* End XCVersionGroup section */
	};
	rootObject = 71D4070B15ACACA800764CF5 /* Project object */;
}
